
Microsoft Visual Studio Solution File, Format Version 12.00
# Visual Studio Version 17
VisualStudioVersion = 17.8.34330.188
MinimumVisualStudioVersion = 10.0.40219.1
Project("{9A19103F-16F7-4668-BE54-9A1E7A4F7556}") = "Twitter.API", "Twitter.API\Twitter.API.csproj", "{8A5FF484-01B3-40F7-8FE6-55242C321D6D}"
EndProject
Project("{9A19103F-16F7-4668-BE54-9A1E7A4F7556}") = "Twitter.Core", "Twitter.Core\Twitter.Core.csproj", "{9BF7B991-16C4-4198-9A92-90FFFFFBB518}"
EndProject
Project("{9A19103F-16F7-4668-BE54-9A1E7A4F7556}") = "Twitter.DAL", "Twitter.DAL\Twitter.DAL.csproj", "{910EC3D1-7080-4B39-8578-2CA50D8A1020}"
EndProject
Project("{9A19103F-16F7-4668-BE54-9A1E7A4F7556}") = "Twitter.Business", "Twitter.Business\Twitter.Business.csproj", "{DA10603F-0091-401F-A331-2624A59AEE49}"
EndProject
Global
	GlobalSection(SolutionConfigurationPlatforms) = preSolution
		Debug|Any CPU = Debug|Any CPU
		Release|Any CPU = Release|Any CPU
	EndGlobalSection
	GlobalSection(ProjectConfigurationPlatforms) = postSolution
		{8A5FF484-01B3-40F7-8FE6-55242C321D6D}.Debug|Any CPU.ActiveCfg = Debug|Any CPU
		{8A5FF484-01B3-40F7-8FE6-55242C321D6D}.Debug|Any CPU.Build.0 = Debug|Any CPU
		{8A5FF484-01B3-40F7-8FE6-55242C321D6D}.Release|Any CPU.ActiveCfg = Release|Any CPU
		{8A5FF484-01B3-40F7-8FE6-55242C321D6D}.Release|Any CPU.Build.0 = Release|Any CPU
		{9BF7B991-16C4-4198-9A92-90FFFFFBB518}.Debug|Any CPU.ActiveCfg = Debug|Any CPU
		{9BF7B991-16C4-4198-9A92-90FFFFFBB518}.Debug|Any CPU.Build.0 = Debug|Any CPU
		{9BF7B991-16C4-4198-9A92-90FFFFFBB518}.Release|Any CPU.ActiveCfg = Release|Any CPU
		{9BF7B991-16C4-4198-9A92-90FFFFFBB518}.Release|Any CPU.Build.0 = Release|Any CPU
		{910EC3D1-7080-4B39-8578-2CA50D8A1020}.Debug|Any CPU.ActiveCfg = Debug|Any CPU
		{910EC3D1-7080-4B39-8578-2CA50D8A1020}.Debug|Any CPU.Build.0 = Debug|Any CPU
		{910EC3D1-7080-4B39-8578-2CA50D8A1020}.Release|Any CPU.ActiveCfg = Release|Any CPU
		{910EC3D1-7080-4B39-8578-2CA50D8A1020}.Release|Any CPU.Build.0 = Release|Any CPU
		{DA10603F-0091-401F-A331-2624A59AEE49}.Debug|Any CPU.ActiveCfg = Debug|Any CPU
		{DA10603F-0091-401F-A331-2624A59AEE49}.Debug|Any CPU.Build.0 = Debug|Any CPU
		{DA10603F-0091-401F-A331-2624A59AEE49}.Release|Any CPU.ActiveCfg = Release|Any CPU
		{DA10603F-0091-401F-A331-2624A59AEE49}.Release|Any CPU.Build.0 = Release|Any CPU
	EndGlobalSection
	GlobalSection(SolutionProperties) = preSolution
		HideSolutionNode = FALSE
	EndGlobalSection
	GlobalSection(ExtensibilityGlobals) = postSolution
		SolutionGuid = {8330078E-E61E-401E-B1A4-66202311F8AB}
	EndGlobalSection
EndGlobal
